
Microsoft Visual Studio Solution File, Format Version 12.00
# Visual Studio Version 17
VisualStudioVersion = 17.2.32505.173
MinimumVisualStudioVersion = 10.0.40219.1
Project("{9A19103F-16F7-4668-BE54-9A1E7A4F7556}") = "Mimic.Web", "Mimic.Web\Mimic.Web.csproj", "{583C5F93-2C5C-4CE6-AEEA-9FE602542F67}"
EndProject
Global
	GlobalSection(SolutionConfigurationPlatforms) = preSolution
		Debug|Any CPU = Debug|Any CPU
		Release|Any CPU = Release|Any CPU
	EndGlobalSection
	GlobalSection(ProjectConfigurationPlatforms) = postSolution
		{583C5F93-2C5C-4CE6-AEEA-9FE602542F67}.Debug|Any CPU.ActiveCfg = Debug|Any CPU
		{583C5F93-2C5C-4CE6-AEEA-9FE602542F67}.Debug|Any CPU.Build.0 = Debug|Any CPU
		{583C5F93-2C5C-4CE6-AEEA-9FE602542F67}.Release|Any CPU.ActiveCfg = Release|Any CPU
		{583C5F93-2C5C-4CE6-AEEA-9FE602542F67}.Release|Any CPU.Build.0 = Release|Any CPU
	EndGlobalSection
	GlobalSection(SolutionProperties) = preSolution
		HideSolutionNode = FALSE
	EndGlobalSection
	GlobalSection(ExtensibilityGlobals) = postSolution
		SolutionGuid = {8089CAB7-C86C-42A6-B787-1504F89243D9}
	EndGlobalSection
EndGlobal
